// !$*UTF8*$!
{
	archiveVersion = 1;
	classes = {
	};
	objectVersion = 46;
	objects = {

/* Begin PBXBuildFile section */
		2D6E9801B1B20A709363705C /* Pods_YaleGrill.framework in Frameworks */ = {isa = PBXBuildFile; fileRef = DBE7E0123717574065AA7A01 /* Pods_YaleGrill.framework */; };
		CD179F071E15F62600496D5F /* preparing.gif in Resources */ = {isa = PBXBuildFile; fileRef = CD179F061E15F62600496D5F /* preparing.gif */; };
		CD179F0A1E15F6C300496D5F /* preparing3.gif in Resources */ = {isa = PBXBuildFile; fileRef = CD179F081E15F6C300496D5F /* preparing3.gif */; };
		CD179F0B1E15F6C300496D5F /* preparing2.gif in Resources */ = {isa = PBXBuildFile; fileRef = CD179F091E15F6C300496D5F /* preparing2.gif */; };
		CD179F0F1E16042D00496D5F /* finished.gif in Resources */ = {isa = PBXBuildFile; fileRef = CD179F0E1E16042D00496D5F /* finished.gif */; };
		CD1A13DE1E1E1356003AFBCE /* Gif.swift in Sources */ = {isa = PBXBuildFile; fileRef = CD1A13DD1E1E1356003AFBCE /* Gif.swift */; };
		CD3EEFB21ECB958E00A86A52 /* CustomerTableViewController.swift in Sources */ = {isa = PBXBuildFile; fileRef = CD3EEFB11ECB958E00A86A52 /* CustomerTableViewController.swift */; };
		CD3EEFB61ECB971C00A86A52 /* NSLayoutConstraintExtension.swift in Sources */ = {isa = PBXBuildFile; fileRef = CD3EEFB51ECB971C00A86A52 /* NSLayoutConstraintExtension.swift */; };
		CD3EEFB81ECB977B00A86A52 /* CustomerTableViewCell.swift in Sources */ = {isa = PBXBuildFile; fileRef = CD3EEFB71ECB977B00A86A52 /* CustomerTableViewCell.swift */; };
		CD460E2D1E1B6368007C8588 /* CookTableViewController.swift in Sources */ = {isa = PBXBuildFile; fileRef = CD460E2C1E1B6368007C8588 /* CookTableViewController.swift */; };
		CD58B0E91ED88CB700C6F02C /* UIColorExtensions.swift in Sources */ = {isa = PBXBuildFile; fileRef = CD58B0E81ED88CB700C6F02C /* UIColorExtensions.swift */; };
		CD9E14E41E130C7E000E21C0 /* AppDelegate.swift in Sources */ = {isa = PBXBuildFile; fileRef = CD9E14E31E130C7E000E21C0 /* AppDelegate.swift */; };
		CD9E14E61E130C7E000E21C0 /* LoginViewController.swift in Sources */ = {isa = PBXBuildFile; fileRef = CD9E14E51E130C7E000E21C0 /* LoginViewController.swift */; };
		CD9E14E91E130C7E000E21C0 /* Main.storyboard in Resources */ = {isa = PBXBuildFile; fileRef = CD9E14E71E130C7E000E21C0 /* Main.storyboard */; };
		CD9E14EB1E130C7E000E21C0 /* Assets.xcassets in Resources */ = {isa = PBXBuildFile; fileRef = CD9E14EA1E130C7E000E21C0 /* Assets.xcassets */; };
		CD9E14EE1E130C7E000E21C0 /* LaunchScreen.storyboard in Resources */ = {isa = PBXBuildFile; fileRef = CD9E14EC1E130C7E000E21C0 /* LaunchScreen.storyboard */; };
		CDC1A0DA1E177B49009C2538 /* Orders.swift in Sources */ = {isa = PBXBuildFile; fileRef = CDC1A0D91E177B49009C2538 /* Orders.swift */; };
		CDC64C9A1E1FF52D002959BA /* GoogleService-Info.plist in Resources */ = {isa = PBXBuildFile; fileRef = CDC64C991E1FF52D002959BA /* GoogleService-Info.plist */; };
		CDCFD5931E1329B100065E87 /* OrderScreen.swift in Sources */ = {isa = PBXBuildFile; fileRef = CDCFD5921E1329B100065E87 /* OrderScreen.swift */; };
		CDCFD5951E1359AE00065E87 /* MenuViewController.swift in Sources */ = {isa = PBXBuildFile; fileRef = CDCFD5941E1359AE00065E87 /* MenuViewController.swift */; };
		CDE5C00D1E1EEA5A00226D71 /* CookTableViewCell.swift in Sources */ = {isa = PBXBuildFile; fileRef = CDE5C00C1E1EEA5A00226D71 /* CookTableViewCell.swift */; };
		CDE5C00F1E1F0F4900226D71 /* GlobalConstants.swift in Sources */ = {isa = PBXBuildFile; fileRef = CDE5C00E1E1F0F4900226D71 /* GlobalConstants.swift */; };
/* End PBXBuildFile section */

/* Begin PBXCopyFilesBuildPhase section */
		CDF25A061E16E7EF00818379 /* Embed Frameworks */ = {
			isa = PBXCopyFilesBuildPhase;
			buildActionMask = 2147483647;
			dstPath = "";
			dstSubfolderSpec = 10;
			files = (
			);
			name = "Embed Frameworks";
			runOnlyForDeploymentPostprocessing = 0;
		};
/* End PBXCopyFilesBuildPhase section */

/* Begin PBXFileReference section */
		9A753CD321527598C2A4A49A /* Pods-YaleGrill.debug.xcconfig */ = {isa = PBXFileReference; includeInIndex = 1; lastKnownFileType = text.xcconfig; name = "Pods-YaleGrill.debug.xcconfig"; path = "Pods/Target Support Files/Pods-YaleGrill/Pods-YaleGrill.debug.xcconfig"; sourceTree = "<group>"; };
		CD179F061E15F62600496D5F /* preparing.gif */ = {isa = PBXFileReference; lastKnownFileType = image.gif; name = preparing.gif; path = ../../../../Downloads/preparing.gif; sourceTree = "<group>"; };
		CD179F081E15F6C300496D5F /* preparing3.gif */ = {isa = PBXFileReference; lastKnownFileType = image.gif; name = preparing3.gif; path = ../../../../Downloads/preparing3.gif; sourceTree = "<group>"; };
		CD179F091E15F6C300496D5F /* preparing2.gif */ = {isa = PBXFileReference; lastKnownFileType = image.gif; name = preparing2.gif; path = ../../../../Downloads/preparing2.gif; sourceTree = "<group>"; };
		CD179F0E1E16042D00496D5F /* finished.gif */ = {isa = PBXFileReference; lastKnownFileType = image.gif; name = finished.gif; path = ../../../../Downloads/finished.gif; sourceTree = "<group>"; };
		CD1A13DD1E1E1356003AFBCE /* Gif.swift */ = {isa = PBXFileReference; fileEncoding = 4; lastKnownFileType = sourcecode.swift; path = Gif.swift; sourceTree = "<group>"; };
		CD3EEFB11ECB958E00A86A52 /* CustomerTableViewController.swift */ = {isa = PBXFileReference; fileEncoding = 4; lastKnownFileType = sourcecode.swift; path = CustomerTableViewController.swift; sourceTree = "<group>"; };
		CD3EEFB51ECB971C00A86A52 /* NSLayoutConstraintExtension.swift */ = {isa = PBXFileReference; fileEncoding = 4; lastKnownFileType = sourcecode.swift; path = NSLayoutConstraintExtension.swift; sourceTree = "<group>"; };
		CD3EEFB71ECB977B00A86A52 /* CustomerTableViewCell.swift */ = {isa = PBXFileReference; fileEncoding = 4; lastKnownFileType = sourcecode.swift; path = CustomerTableViewCell.swift; sourceTree = "<group>"; };
		CD460E2C1E1B6368007C8588 /* CookTableViewController.swift */ = {isa = PBXFileReference; fileEncoding = 4; lastKnownFileType = sourcecode.swift; path = CookTableViewController.swift; sourceTree = "<group>"; };
		CD58B0E81ED88CB700C6F02C /* UIColorExtensions.swift */ = {isa = PBXFileReference; fileEncoding = 4; lastKnownFileType = sourcecode.swift; path = UIColorExtensions.swift; sourceTree = "<group>"; };
		CD9E14E01E130C7E000E21C0 /* YaleGrill.app */ = {isa = PBXFileReference; explicitFileType = wrapper.application; includeInIndex = 0; path = YaleGrill.app; sourceTree = BUILT_PRODUCTS_DIR; };
		CD9E14E31E130C7E000E21C0 /* AppDelegate.swift */ = {isa = PBXFileReference; lastKnownFileType = sourcecode.swift; path = AppDelegate.swift; sourceTree = "<group>"; };
		CD9E14E51E130C7E000E21C0 /* LoginViewController.swift */ = {isa = PBXFileReference; lastKnownFileType = sourcecode.swift; path = LoginViewController.swift; sourceTree = "<group>"; };
		CD9E14E81E130C7E000E21C0 /* Base */ = {isa = PBXFileReference; lastKnownFileType = file.storyboard; name = Base; path = Base.lproj/Main.storyboard; sourceTree = "<group>"; };
		CD9E14EA1E130C7E000E21C0 /* Assets.xcassets */ = {isa = PBXFileReference; lastKnownFileType = folder.assetcatalog; path = Assets.xcassets; sourceTree = "<group>"; };
		CD9E14ED1E130C7E000E21C0 /* Base */ = {isa = PBXFileReference; lastKnownFileType = file.storyboard; name = Base; path = Base.lproj/LaunchScreen.storyboard; sourceTree = "<group>"; };
		CD9E14EF1E130C7E000E21C0 /* Info.plist */ = {isa = PBXFileReference; lastKnownFileType = text.plist.xml; path = Info.plist; sourceTree = "<group>"; };
		CDC1A0D91E177B49009C2538 /* Orders.swift */ = {isa = PBXFileReference; fileEncoding = 4; lastKnownFileType = sourcecode.swift; path = Orders.swift; sourceTree = "<group>"; };
		CDC64C991E1FF52D002959BA /* GoogleService-Info.plist */ = {isa = PBXFileReference; fileEncoding = 4; lastKnownFileType = text.plist.xml; path = "GoogleService-Info.plist"; sourceTree = "<group>"; };
		CDC748D01ED4FF3700370350 /* YaleGrill.entitlements */ = {isa = PBXFileReference; lastKnownFileType = text.plist.entitlements; path = YaleGrill.entitlements; sourceTree = "<group>"; };
		CDCFD5921E1329B100065E87 /* OrderScreen.swift */ = {isa = PBXFileReference; fileEncoding = 4; lastKnownFileType = sourcecode.swift; path = OrderScreen.swift; sourceTree = "<group>"; };
		CDCFD5941E1359AE00065E87 /* MenuViewController.swift */ = {isa = PBXFileReference; fileEncoding = 4; lastKnownFileType = sourcecode.swift; path = MenuViewController.swift; sourceTree = "<group>"; };
		CDD92A2B1E130E5B005C091B /* YaleGrill-Bridging-Header.h */ = {isa = PBXFileReference; lastKnownFileType = sourcecode.c.h; path = "YaleGrill-Bridging-Header.h"; sourceTree = "<group>"; };
		CDE5C00C1E1EEA5A00226D71 /* CookTableViewCell.swift */ = {isa = PBXFileReference; fileEncoding = 4; lastKnownFileType = sourcecode.swift; path = CookTableViewCell.swift; sourceTree = "<group>"; };
		CDE5C00E1E1F0F4900226D71 /* GlobalConstants.swift */ = {isa = PBXFileReference; fileEncoding = 4; lastKnownFileType = sourcecode.swift; path = GlobalConstants.swift; sourceTree = "<group>"; };
		CDF25A111E16E9C100818379 /* libsqlite3.tbd */ = {isa = PBXFileReference; lastKnownFileType = "sourcecode.text-based-dylib-definition"; name = libsqlite3.tbd; path = usr/lib/libsqlite3.tbd; sourceTree = SDKROOT; };
		CDF25A131E16E9CC00818379 /* libz.tbd */ = {isa = PBXFileReference; lastKnownFileType = "sourcecode.text-based-dylib-definition"; name = libz.tbd; path = usr/lib/libz.tbd; sourceTree = SDKROOT; };
		D3F3C9E4986110BD99DE40C8 /* Pods-YaleGrill.release.xcconfig */ = {isa = PBXFileReference; includeInIndex = 1; lastKnownFileType = text.xcconfig; name = "Pods-YaleGrill.release.xcconfig"; path = "Pods/Target Support Files/Pods-YaleGrill/Pods-YaleGrill.release.xcconfig"; sourceTree = "<group>"; };
		DBE7E0123717574065AA7A01 /* Pods_YaleGrill.framework */ = {isa = PBXFileReference; explicitFileType = wrapper.framework; includeInIndex = 0; path = Pods_YaleGrill.framework; sourceTree = BUILT_PRODUCTS_DIR; };
/* End PBXFileReference section */

/* Begin PBXFrameworksBuildPhase section */
		CD9E14DD1E130C7E000E21C0 /* Frameworks */ = {
			isa = PBXFrameworksBuildPhase;
			buildActionMask = 2147483647;
			files = (
				2D6E9801B1B20A709363705C /* Pods_YaleGrill.framework in Frameworks */,
			);
			runOnlyForDeploymentPostprocessing = 0;
		};
/* End PBXFrameworksBuildPhase section */

/* Begin PBXGroup section */
		61EEF952E70F989ACF04CCDE /* Frameworks */ = {
			isa = PBXGroup;
			children = (
				CDF25A131E16E9CC00818379 /* libz.tbd */,
				CDF25A111E16E9C100818379 /* libsqlite3.tbd */,
				DBE7E0123717574065AA7A01 /* Pods_YaleGrill.framework */,
			);
			name = Frameworks;
			sourceTree = "<group>";
		};
		6594511DF833872D95724E73 /* Pods */ = {
			isa = PBXGroup;
			children = (
				9A753CD321527598C2A4A49A /* Pods-YaleGrill.debug.xcconfig */,
				D3F3C9E4986110BD99DE40C8 /* Pods-YaleGrill.release.xcconfig */,
			);
			name = Pods;
			sourceTree = "<group>";
		};
		CD179F0C1E15F71400496D5F /* Gifs */ = {
			isa = PBXGroup;
			children = (
				CD179F0E1E16042D00496D5F /* finished.gif */,
				CD179F061E15F62600496D5F /* preparing.gif */,
				CD179F081E15F6C300496D5F /* preparing3.gif */,
				CD179F091E15F6C300496D5F /* preparing2.gif */,
			);
			name = Gifs;
			sourceTree = "<group>";
		};
		CD179F0D1E15F74C00496D5F /* Extensions */ = {
			isa = PBXGroup;
			children = (
				CDD92A2B1E130E5B005C091B /* YaleGrill-Bridging-Header.h */,
				CD1A13DD1E1E1356003AFBCE /* Gif.swift */,
				CD3EEFB51ECB971C00A86A52 /* NSLayoutConstraintExtension.swift */,
				CD58B0E81ED88CB700C6F02C /* UIColorExtensions.swift */,
			);
			name = Extensions;
			sourceTree = "<group>";
		};
		CD58B0EA1ED8998A00C6F02C /* App Files */ = {
			isa = PBXGroup;
			children = (
				CDE5C00E1E1F0F4900226D71 /* GlobalConstants.swift */,
				CDC64C991E1FF52D002959BA /* GoogleService-Info.plist */,
				CD9E14EF1E130C7E000E21C0 /* Info.plist */,
				CD9E14EA1E130C7E000E21C0 /* Assets.xcassets */,
				CD179F0C1E15F71400496D5F /* Gifs */,
			);
			name = "App Files";
			sourceTree = "<group>";
		};
		CD58B0EB1ED899C000C6F02C /* Legacy Code */ = {
			isa = PBXGroup;
			children = (
				CDCFD5921E1329B100065E87 /* OrderScreen.swift */,
			);
			name = "Legacy Code";
			sourceTree = "<group>";
		};
		CD58B0EC1ED899FD00C6F02C /* View Controllers */ = {
			isa = PBXGroup;
			children = (
				CD9E14E51E130C7E000E21C0 /* LoginViewController.swift */,
				CDCFD5941E1359AE00065E87 /* MenuViewController.swift */,
				CD460E2C1E1B6368007C8588 /* CookTableViewController.swift */,
				CD3EEFB11ECB958E00A86A52 /* CustomerTableViewController.swift */,
			);
			name = "View Controllers";
			sourceTree = "<group>";
		};
		CD58B0ED1ED89BA400C6F02C /* TableView Cells */ = {
			isa = PBXGroup;
			children = (
				CDE5C00C1E1EEA5A00226D71 /* CookTableViewCell.swift */,
				CD3EEFB71ECB977B00A86A52 /* CustomerTableViewCell.swift */,
			);
			name = "TableView Cells";
			sourceTree = "<group>";
		};
		CD9E14D71E130C7E000E21C0 = {
			isa = PBXGroup;
			children = (
				CD9E14E21E130C7E000E21C0 /* YaleGrill */,
				CD9E14E11E130C7E000E21C0 /* Products */,
				6594511DF833872D95724E73 /* Pods */,
				61EEF952E70F989ACF04CCDE /* Frameworks */,
			);
			sourceTree = "<group>";
		};
		CD9E14E11E130C7E000E21C0 /* Products */ = {
			isa = PBXGroup;
			children = (
				CD9E14E01E130C7E000E21C0 /* YaleGrill.app */,
			);
			name = Products;
			sourceTree = "<group>";
		};
		CD9E14E21E130C7E000E21C0 /* YaleGrill */ = {
			isa = PBXGroup;
			children = (
				CDC748D01ED4FF3700370350 /* YaleGrill.entitlements */,
				CD9E14E71E130C7E000E21C0 /* Main.storyboard */,
				CD9E14EC1E130C7E000E21C0 /* LaunchScreen.storyboard */,
				CDC1A0D91E177B49009C2538 /* Orders.swift */,
				CD9E14E31E130C7E000E21C0 /* AppDelegate.swift */,
				CD58B0EC1ED899FD00C6F02C /* View Controllers */,
				CD58B0ED1ED89BA400C6F02C /* TableView Cells */,
				CD58B0EA1ED8998A00C6F02C /* App Files */,
				CD179F0D1E15F74C00496D5F /* Extensions */,
				CD58B0EB1ED899C000C6F02C /* Legacy Code */,
			);
			path = YaleGrill;
			sourceTree = "<group>";
		};
/* End PBXGroup section */

/* Begin PBXNativeTarget section */
		CD9E14DF1E130C7E000E21C0 /* YaleGrill */ = {
			isa = PBXNativeTarget;
			buildConfigurationList = CD9E14F21E130C7E000E21C0 /* Build configuration list for PBXNativeTarget "YaleGrill" */;
			buildPhases = (
				662024C544074BF86D9A1A9D /* [CP] Check Pods Manifest.lock */,
				CD9E14DC1E130C7E000E21C0 /* Sources */,
				CD9E14DD1E130C7E000E21C0 /* Frameworks */,
				CD9E14DE1E130C7E000E21C0 /* Resources */,
				BC1D219E1867C479F400B70D /* [CP] Embed Pods Frameworks */,
				1EF745D5A4FE504184A22B8E /* [CP] Copy Pods Resources */,
				CDF25A061E16E7EF00818379 /* Embed Frameworks */,
			);
			buildRules = (
			);
			dependencies = (
			);
			name = YaleGrill;
			productName = YaleGrill;
			productReference = CD9E14E01E130C7E000E21C0 /* YaleGrill.app */;
			productType = "com.apple.product-type.application";
		};
/* End PBXNativeTarget section */

/* Begin PBXProject section */
		CD9E14D81E130C7E000E21C0 /* Project object */ = {
			isa = PBXProject;
			attributes = {
				LastSwiftUpdateCheck = 0820;
				LastUpgradeCheck = 0830;
				ORGANIZATIONNAME = "Phil Vasseur";
				TargetAttributes = {
					CD9E14DF1E130C7E000E21C0 = {
						CreatedOnToolsVersion = 8.2.1;
						DevelopmentTeam = JKE2CE3SSD;
						LastSwiftMigration = 0820;
						ProvisioningStyle = Automatic;
						SystemCapabilities = {
							com.apple.BackgroundModes = {
								enabled = 1;
							};
							com.apple.Push = {
								enabled = 1;
							};
						};
					};
				};
			};
			buildConfigurationList = CD9E14DB1E130C7E000E21C0 /* Build configuration list for PBXProject "YaleGrill" */;
			compatibilityVersion = "Xcode 3.2";
			developmentRegion = English;
			hasScannedForEncodings = 0;
			knownRegions = (
				en,
				Base,
			);
			mainGroup = CD9E14D71E130C7E000E21C0;
			productRefGroup = CD9E14E11E130C7E000E21C0 /* Products */;
			projectDirPath = "";
			projectRoot = "";
			targets = (
				CD9E14DF1E130C7E000E21C0 /* YaleGrill */,
			);
		};
/* End PBXProject section */

/* Begin PBXResourcesBuildPhase section */
		CD9E14DE1E130C7E000E21C0 /* Resources */ = {
			isa = PBXResourcesBuildPhase;
			buildActionMask = 2147483647;
			files = (
				CD9E14EE1E130C7E000E21C0 /* LaunchScreen.storyboard in Resources */,
				CDC64C9A1E1FF52D002959BA /* GoogleService-Info.plist in Resources */,
				CD179F0A1E15F6C300496D5F /* preparing3.gif in Resources */,
				CD179F0F1E16042D00496D5F /* finished.gif in Resources */,
				CD179F0B1E15F6C300496D5F /* preparing2.gif in Resources */,
				CD9E14EB1E130C7E000E21C0 /* Assets.xcassets in Resources */,
				CD179F071E15F62600496D5F /* preparing.gif in Resources */,
				CD9E14E91E130C7E000E21C0 /* Main.storyboard in Resources */,
			);
			runOnlyForDeploymentPostprocessing = 0;
		};
/* End PBXResourcesBuildPhase section */

/* Begin PBXShellScriptBuildPhase section */
		1EF745D5A4FE504184A22B8E /* [CP] Copy Pods Resources */ = {
			isa = PBXShellScriptBuildPhase;
			buildActionMask = 2147483647;
			files = (
			);
			inputPaths = (
			);
			name = "[CP] Copy Pods Resources";
			outputPaths = (
			);
			runOnlyForDeploymentPostprocessing = 0;
			shellPath = /bin/sh;
			shellScript = "\"${SRCROOT}/Pods/Target Support Files/Pods-YaleGrill/Pods-YaleGrill-resources.sh\"\n";
			showEnvVarsInLog = 0;
		};
		662024C544074BF86D9A1A9D /* [CP] Check Pods Manifest.lock */ = {
			isa = PBXShellScriptBuildPhase;
			buildActionMask = 2147483647;
			files = (
			);
			inputPaths = (
			);
			name = "[CP] Check Pods Manifest.lock";
			outputPaths = (
			);
			runOnlyForDeploymentPostprocessing = 0;
			shellPath = /bin/sh;
			shellScript = "diff \"${PODS_ROOT}/../Podfile.lock\" \"${PODS_ROOT}/Manifest.lock\" > /dev/null\nif [ $? != 0 ] ; then\n    # print error to STDERR\n    echo \"error: The sandbox is not in sync with the Podfile.lock. Run 'pod install' or update your CocoaPods installation.\" >&2\n    exit 1\nfi\n";
			showEnvVarsInLog = 0;
		};
		BC1D219E1867C479F400B70D /* [CP] Embed Pods Frameworks */ = {
			isa = PBXShellScriptBuildPhase;
			buildActionMask = 2147483647;
			files = (
			);
			inputPaths = (
			);
			name = "[CP] Embed Pods Frameworks";
			outputPaths = (
			);
			runOnlyForDeploymentPostprocessing = 0;
			shellPath = /bin/sh;
			shellScript = "\"${SRCROOT}/Pods/Target Support Files/Pods-YaleGrill/Pods-YaleGrill-frameworks.sh\"\n";
			showEnvVarsInLog = 0;
		};
/* End PBXShellScriptBuildPhase section */

/* Begin PBXSourcesBuildPhase section */
		CD9E14DC1E130C7E000E21C0 /* Sources */ = {
			isa = PBXSourcesBuildPhase;
			buildActionMask = 2147483647;
			files = (
				CD3EEFB81ECB977B00A86A52 /* CustomerTableViewCell.swift in Sources */,
				CD9E14E61E130C7E000E21C0 /* LoginViewController.swift in Sources */,
				CD58B0E91ED88CB700C6F02C /* UIColorExtensions.swift in Sources */,
				CDC1A0DA1E177B49009C2538 /* Orders.swift in Sources */,
				CD460E2D1E1B6368007C8588 /* CookTableViewController.swift in Sources */,
				CDE5C00D1E1EEA5A00226D71 /* CookTableViewCell.swift in Sources */,
				CD3EEFB21ECB958E00A86A52 /* CustomerTableViewController.swift in Sources */,
				CD9E14E41E130C7E000E21C0 /* AppDelegate.swift in Sources */,
				CD3EEFB61ECB971C00A86A52 /* NSLayoutConstraintExtension.swift in Sources */,
				CDE5C00F1E1F0F4900226D71 /* GlobalConstants.swift in Sources */,
				CDCFD5931E1329B100065E87 /* OrderScreen.swift in Sources */,
				CD1A13DE1E1E1356003AFBCE /* Gif.swift in Sources */,
				CDCFD5951E1359AE00065E87 /* MenuViewController.swift in Sources */,
			);
			runOnlyForDeploymentPostprocessing = 0;
		};
/* End PBXSourcesBuildPhase section */

/* Begin PBXVariantGroup section */
		CD9E14E71E130C7E000E21C0 /* Main.storyboard */ = {
			isa = PBXVariantGroup;
			children = (
				CD9E14E81E130C7E000E21C0 /* Base */,
			);
			name = Main.storyboard;
			sourceTree = "<group>";
		};
		CD9E14EC1E130C7E000E21C0 /* LaunchScreen.storyboard */ = {
			isa = PBXVariantGroup;
			children = (
				CD9E14ED1E130C7E000E21C0 /* Base */,
			);
			name = LaunchScreen.storyboard;
			sourceTree = "<group>";
		};
/* End PBXVariantGroup section */

/* Begin XCBuildConfiguration section */
		CD9E14F01E130C7E000E21C0 /* Debug */ = {
			isa = XCBuildConfiguration;
			buildSettings = {
				ALWAYS_SEARCH_USER_PATHS = NO;
				CLANG_ANALYZER_NONNULL = YES;
				CLANG_CXX_LANGUAGE_STANDARD = "gnu++0x";
				CLANG_CXX_LIBRARY = "libc++";
				CLANG_ENABLE_MODULES = YES;
				CLANG_ENABLE_OBJC_ARC = YES;
				CLANG_WARN_BOOL_CONVERSION = YES;
				CLANG_WARN_CONSTANT_CONVERSION = YES;
				CLANG_WARN_DIRECT_OBJC_ISA_USAGE = YES_ERROR;
				CLANG_WARN_DOCUMENTATION_COMMENTS = YES;
				CLANG_WARN_EMPTY_BODY = YES;
				CLANG_WARN_ENUM_CONVERSION = YES;
				CLANG_WARN_INFINITE_RECURSION = YES;
				CLANG_WARN_INT_CONVERSION = YES;
				CLANG_WARN_OBJC_ROOT_CLASS = YES_ERROR;
				CLANG_WARN_SUSPICIOUS_MOVE = YES;
				CLANG_WARN_UNREACHABLE_CODE = YES;
				CLANG_WARN__DUPLICATE_METHOD_MATCH = YES;
				"CODE_SIGN_IDENTITY[sdk=iphoneos*]" = "iPhone Developer";
				COPY_PHASE_STRIP = NO;
				DEBUG_INFORMATION_FORMAT = dwarf;
				ENABLE_STRICT_OBJC_MSGSEND = YES;
				ENABLE_TESTABILITY = YES;
				GCC_C_LANGUAGE_STANDARD = gnu99;
				GCC_DYNAMIC_NO_PIC = NO;
				GCC_NO_COMMON_BLOCKS = YES;
				GCC_OPTIMIZATION_LEVEL = 0;
				GCC_PREPROCESSOR_DEFINITIONS = (
					"DEBUG=1",
					"$(inherited)",
				);
				GCC_WARN_64_TO_32_BIT_CONVERSION = YES;
				GCC_WARN_ABOUT_RETURN_TYPE = YES_ERROR;
				GCC_WARN_UNDECLARED_SELECTOR = YES;
				GCC_WARN_UNINITIALIZED_AUTOS = YES_AGGRESSIVE;
				GCC_WARN_UNUSED_FUNCTION = YES;
				GCC_WARN_UNUSED_VARIABLE = YES;
				IPHONEOS_DEPLOYMENT_TARGET = 9.0;
				MTL_ENABLE_DEBUG_INFO = YES;
				ONLY_ACTIVE_ARCH = YES;
				SDKROOT = iphoneos;
				SWIFT_ACTIVE_COMPILATION_CONDITIONS = DEBUG;
				SWIFT_OPTIMIZATION_LEVEL = "-Onone";
			};
			name = Debug;
		};
		CD9E14F11E130C7E000E21C0 /* Release */ = {
			isa = XCBuildConfiguration;
			buildSettings = {
				ALWAYS_SEARCH_USER_PATHS = NO;
				CLANG_ANALYZER_NONNULL = YES;
				CLANG_CXX_LANGUAGE_STANDARD = "gnu++0x";
				CLANG_CXX_LIBRARY = "libc++";
				CLANG_ENABLE_MODULES = YES;
				CLANG_ENABLE_OBJC_ARC = YES;
				CLANG_WARN_BOOL_CONVERSION = YES;
				CLANG_WARN_CONSTANT_CONVERSION = YES;
				CLANG_WARN_DIRECT_OBJC_ISA_USAGE = YES_ERROR;
				CLANG_WARN_DOCUMENTATION_COMMENTS = YES;
				CLANG_WARN_EMPTY_BODY = YES;
				CLANG_WARN_ENUM_CONVERSION = YES;
				CLANG_WARN_INFINITE_RECURSION = YES;
				CLANG_WARN_INT_CONVERSION = YES;
				CLANG_WARN_OBJC_ROOT_CLASS = YES_ERROR;
				CLANG_WARN_SUSPICIOUS_MOVE = YES;
				CLANG_WARN_UNREACHABLE_CODE = YES;
				CLANG_WARN__DUPLICATE_METHOD_MATCH = YES;
				"CODE_SIGN_IDENTITY[sdk=iphoneos*]" = "iPhone Developer";
				COPY_PHASE_STRIP = NO;
				DEBUG_INFORMATION_FORMAT = "dwarf-with-dsym";
				ENABLE_NS_ASSERTIONS = NO;
				ENABLE_STRICT_OBJC_MSGSEND = YES;
				GCC_C_LANGUAGE_STANDARD = gnu99;
				GCC_NO_COMMON_BLOCKS = YES;
				GCC_WARN_64_TO_32_BIT_CONVERSION = YES;
				GCC_WARN_ABOUT_RETURN_TYPE = YES_ERROR;
				GCC_WARN_UNDECLARED_SELECTOR = YES;
				GCC_WARN_UNINITIALIZED_AUTOS = YES_AGGRESSIVE;
				GCC_WARN_UNUSED_FUNCTION = YES;
				GCC_WARN_UNUSED_VARIABLE = YES;
				IPHONEOS_DEPLOYMENT_TARGET = 9.0;
				MTL_ENABLE_DEBUG_INFO = NO;
				SDKROOT = iphoneos;
				SWIFT_OPTIMIZATION_LEVEL = "-Owholemodule";
				VALIDATE_PRODUCT = YES;
			};
			name = Release;
		};
		CD9E14F31E130C7E000E21C0 /* Debug */ = {
			isa = XCBuildConfiguration;
			baseConfigurationReference = 9A753CD321527598C2A4A49A /* Pods-YaleGrill.debug.xcconfig */;
			buildSettings = {
				ALWAYS_EMBED_SWIFT_STANDARD_LIBRARIES = YES;
				ASSETCATALOG_COMPILER_APPICON_NAME = AppIcon;
				CLANG_ENABLE_MODULES = YES;
				CODE_SIGN_ENTITLEMENTS = YaleGrill/YaleGrill.entitlements;
				"CODE_SIGN_IDENTITY[sdk=iphoneos*]" = "iPhone Developer";
				DEVELOPMENT_TEAM = JKE2CE3SSD;
				FRAMEWORK_SEARCH_PATHS = "$(inherited)";
				INFOPLIST_FILE = YaleGrill/Info.plist;
				IPHONEOS_DEPLOYMENT_TARGET = 9.0;
				LD_RUNPATH_SEARCH_PATHS = "$(inherited) @executable_path/Frameworks";
				PRODUCT_BUNDLE_IDENTIFIER = "edu.yale.yale-grill";
				PRODUCT_NAME = "$(TARGET_NAME)";
				PROVISIONING_PROFILE_SPECIFIER = "";
				SWIFT_OBJC_BRIDGING_HEADER = "YaleGrill/YaleGrill-Bridging-Header.h";
				SWIFT_OPTIMIZATION_LEVEL = "-Onone";
				SWIFT_VERSION = 3.0;
				TARGETED_DEVICE_FAMILY = "1,2";
			};
			name = Debug;
		};
		CD9E14F41E130C7E000E21C0 /* Release */ = {
			isa = XCBuildConfiguration;
			baseConfigurationReference = D3F3C9E4986110BD99DE40C8 /* Pods-YaleGrill.release.xcconfig */;
			buildSettings = {
				ALWAYS_EMBED_SWIFT_STANDARD_LIBRARIES = YES;
				ASSETCATALOG_COMPILER_APPICON_NAME = AppIcon;
				CLANG_ENABLE_MODULES = YES;
				CODE_SIGN_ENTITLEMENTS = YaleGrill/YaleGrill.entitlements;
				"CODE_SIGN_IDENTITY[sdk=iphoneos*]" = "iPhone Developer";
				DEVELOPMENT_TEAM = JKE2CE3SSD;
				FRAMEWORK_SEARCH_PATHS = "$(inherited)";
				INFOPLIST_FILE = YaleGrill/Info.plist;
				IPHONEOS_DEPLOYMENT_TARGET = 9.0;
				LD_RUNPATH_SEARCH_PATHS = "$(inherited) @executable_path/Frameworks";
				PRODUCT_BUNDLE_IDENTIFIER = "edu.yale.yale-grill";
				PRODUCT_NAME = "$(TARGET_NAME)";
				PROVISIONING_PROFILE_SPECIFIER = "";
				SWIFT_OBJC_BRIDGING_HEADER = "YaleGrill/YaleGrill-Bridging-Header.h";
				SWIFT_VERSION = 3.0;
				TARGETED_DEVICE_FAMILY = "1,2";
			};
			name = Release;
		};
/* End XCBuildConfiguration section */

/* Begin XCConfigurationList section */
		CD9E14DB1E130C7E000E21C0 /* Build configuration list for PBXProject "YaleGrill" */ = {
			isa = XCConfigurationList;
			buildConfigurations = (
				CD9E14F01E130C7E000E21C0 /* Debug */,
				CD9E14F11E130C7E000E21C0 /* Release */,
			);
			defaultConfigurationIsVisible = 0;
			defaultConfigurationName = Release;
		};
		CD9E14F21E130C7E000E21C0 /* Build configuration list for PBXNativeTarget "YaleGrill" */ = {
			isa = XCConfigurationList;
			buildConfigurations = (
				CD9E14F31E130C7E000E21C0 /* Debug */,
				CD9E14F41E130C7E000E21C0 /* Release */,
			);
			defaultConfigurationIsVisible = 0;
			defaultConfigurationName = Release;
		};
/* End XCConfigurationList section */
	};
	rootObject = CD9E14D81E130C7E000E21C0 /* Project object */;
}
