// !$*UTF8*$!
{
	archiveVersion = 1;
	classes = {
	};
	objectVersion = 46;
	objects = {

/* Begin PBXBuildFile section */
		2D6E9801B1B20A709363705C /* Pods_YaleGrill.framework in Frameworks */ = {isa = PBXBuildFile; fileRef = DBE7E0123717574065AA7A01 /* Pods_YaleGrill.framework */; };
		CD4948521E15886500F61FCE /* SingleOrder.swift in Sources */ = {isa = PBXBuildFile; fileRef = CD4948511E15886500F61FCE /* SingleOrder.swift */; };
		CD9E14E41E130C7E000E21C0 /* AppDelegate.swift in Sources */ = {isa = PBXBuildFile; fileRef = CD9E14E31E130C7E000E21C0 /* AppDelegate.swift */; };
		CD9E14E61E130C7E000E21C0 /* ViewController.swift in Sources */ = {isa = PBXBuildFile; fileRef = CD9E14E51E130C7E000E21C0 /* ViewController.swift */; };
		CD9E14E91E130C7E000E21C0 /* Main.storyboard in Resources */ = {isa = PBXBuildFile; fileRef = CD9E14E71E130C7E000E21C0 /* Main.storyboard */; };
		CD9E14EB1E130C7E000E21C0 /* Assets.xcassets in Resources */ = {isa = PBXBuildFile; fileRef = CD9E14EA1E130C7E000E21C0 /* Assets.xcassets */; };
		CD9E14EE1E130C7E000E21C0 /* LaunchScreen.storyboard in Resources */ = {isa = PBXBuildFile; fileRef = CD9E14EC1E130C7E000E21C0 /* LaunchScreen.storyboard */; };
		CDCFD5931E1329B100065E87 /* OrderScreen.swift in Sources */ = {isa = PBXBuildFile; fileRef = CDCFD5921E1329B100065E87 /* OrderScreen.swift */; };
		CDCFD5951E1359AE00065E87 /* FoodScreen.swift in Sources */ = {isa = PBXBuildFile; fileRef = CDCFD5941E1359AE00065E87 /* FoodScreen.swift */; };
		CDD92A2A1E130CE7005C091B /* GoogleService-Info.plist in Resources */ = {isa = PBXBuildFile; fileRef = CDD92A291E130CE7005C091B /* GoogleService-Info.plist */; };
/* End PBXBuildFile section */

/* Begin PBXFileReference section */
		9A753CD321527598C2A4A49A /* Pods-YaleGrill.debug.xcconfig */ = {isa = PBXFileReference; includeInIndex = 1; lastKnownFileType = text.xcconfig; name = "Pods-YaleGrill.debug.xcconfig"; path = "Pods/Target Support Files/Pods-YaleGrill/Pods-YaleGrill.debug.xcconfig"; sourceTree = "<group>"; };
		CD4948511E15886500F61FCE /* SingleOrder.swift */ = {isa = PBXFileReference; fileEncoding = 4; lastKnownFileType = sourcecode.swift; path = SingleOrder.swift; sourceTree = "<group>"; };
		CD9E14E01E130C7E000E21C0 /* YaleGrill.app */ = {isa = PBXFileReference; explicitFileType = wrapper.application; includeInIndex = 0; path = YaleGrill.app; sourceTree = BUILT_PRODUCTS_DIR; };
		CD9E14E31E130C7E000E21C0 /* AppDelegate.swift */ = {isa = PBXFileReference; lastKnownFileType = sourcecode.swift; path = AppDelegate.swift; sourceTree = "<group>"; };
		CD9E14E51E130C7E000E21C0 /* ViewController.swift */ = {isa = PBXFileReference; lastKnownFileType = sourcecode.swift; path = ViewController.swift; sourceTree = "<group>"; };
		CD9E14E81E130C7E000E21C0 /* Base */ = {isa = PBXFileReference; lastKnownFileType = file.storyboard; name = Base; path = Base.lproj/Main.storyboard; sourceTree = "<group>"; };
		CD9E14EA1E130C7E000E21C0 /* Assets.xcassets */ = {isa = PBXFileReference; lastKnownFileType = folder.assetcatalog; path = Assets.xcassets; sourceTree = "<group>"; };
		CD9E14ED1E130C7E000E21C0 /* Base */ = {isa = PBXFileReference; lastKnownFileType = file.storyboard; name = Base; path = Base.lproj/LaunchScreen.storyboard; sourceTree = "<group>"; };
		CD9E14EF1E130C7E000E21C0 /* Info.plist */ = {isa = PBXFileReference; lastKnownFileType = text.plist.xml; path = Info.plist; sourceTree = "<group>"; };
		CDCFD5921E1329B100065E87 /* OrderScreen.swift */ = {isa = PBXFileReference; fileEncoding = 4; lastKnownFileType = sourcecode.swift; path = OrderScreen.swift; sourceTree = "<group>"; };
		CDCFD5941E1359AE00065E87 /* FoodScreen.swift */ = {isa = PBXFileReference; fileEncoding = 4; lastKnownFileType = sourcecode.swift; path = FoodScreen.swift; sourceTree = "<group>"; };
		CDD92A291E130CE7005C091B /* GoogleService-Info.plist */ = {isa = PBXFileReference; fileEncoding = 4; lastKnownFileType = text.plist.xml; name = "GoogleService-Info.plist"; path = "../../../../Downloads/GoogleService-Info.plist"; sourceTree = "<group>"; };
		CDD92A2B1E130E5B005C091B /* YaleGrill-Bridging-Header.h */ = {isa = PBXFileReference; lastKnownFileType = sourcecode.c.h; path = "YaleGrill-Bridging-Header.h"; sourceTree = "<group>"; };
		D3F3C9E4986110BD99DE40C8 /* Pods-YaleGrill.release.xcconfig */ = {isa = PBXFileReference; includeInIndex = 1; lastKnownFileType = text.xcconfig; name = "Pods-YaleGrill.release.xcconfig"; path = "Pods/Target Support Files/Pods-YaleGrill/Pods-YaleGrill.release.xcconfig"; sourceTree = "<group>"; };
		DBE7E0123717574065AA7A01 /* Pods_YaleGrill.framework */ = {isa = PBXFileReference; explicitFileType = wrapper.framework; includeInIndex = 0; path = Pods_YaleGrill.framework; sourceTree = BUILT_PRODUCTS_DIR; };
/* End PBXFileReference section */

/* Begin PBXFrameworksBuildPhase section */
		CD9E14DD1E130C7E000E21C0 /* Frameworks */ = {
			isa = PBXFrameworksBuildPhase;
			buildActionMask = 2147483647;
			files = (
				2D6E9801B1B20A709363705C /* Pods_YaleGrill.framework in Frameworks */,
			);
			runOnlyForDeploymentPostprocessing = 0;
		};
/* End PBXFrameworksBuildPhase section */

/* Begin PBXGroup section */
		61EEF952E70F989ACF04CCDE /* Frameworks */ = {
			isa = PBXGroup;
			children = (
				DBE7E0123717574065AA7A01 /* Pods_YaleGrill.framework */,
			);
			name = Frameworks;
			sourceTree = "<group>";
		};
		6594511DF833872D95724E73 /* Pods */ = {
			isa = PBXGroup;
			children = (
				9A753CD321527598C2A4A49A /* Pods-YaleGrill.debug.xcconfig */,
				D3F3C9E4986110BD99DE40C8 /* Pods-YaleGrill.release.xcconfig */,
			);
			name = Pods;
			sourceTree = "<group>";
		};
		CD9E14D71E130C7E000E21C0 = {
			isa = PBXGroup;
			children = (
				CD9E14E21E130C7E000E21C0 /* YaleGrill */,
				CD9E14E11E130C7E000E21C0 /* Products */,
				6594511DF833872D95724E73 /* Pods */,
				61EEF952E70F989ACF04CCDE /* Frameworks */,
			);
			sourceTree = "<group>";
		};
		CD9E14E11E130C7E000E21C0 /* Products */ = {
			isa = PBXGroup;
			children = (
				CD9E14E01E130C7E000E21C0 /* YaleGrill.app */,
			);
			name = Products;
			sourceTree = "<group>";
		};
		CD9E14E21E130C7E000E21C0 /* YaleGrill */ = {
			isa = PBXGroup;
			children = (
				CD9E14E31E130C7E000E21C0 /* AppDelegate.swift */,
				CD9E14E51E130C7E000E21C0 /* ViewController.swift */,
				CDCFD5921E1329B100065E87 /* OrderScreen.swift */,
				CDCFD5941E1359AE00065E87 /* FoodScreen.swift */,
				CD9E14E71E130C7E000E21C0 /* Main.storyboard */,
				CD9E14EA1E130C7E000E21C0 /* Assets.xcassets */,
				CD9E14EC1E130C7E000E21C0 /* LaunchScreen.storyboard */,
				CDD92A291E130CE7005C091B /* GoogleService-Info.plist */,
				CD9E14EF1E130C7E000E21C0 /* Info.plist */,
				CDD92A2B1E130E5B005C091B /* YaleGrill-Bridging-Header.h */,
				CD4948511E15886500F61FCE /* SingleOrder.swift */,
			);
			path = YaleGrill;
			sourceTree = "<group>";
		};
/* End PBXGroup section */

/* Begin PBXNativeTarget section */
		CD9E14DF1E130C7E000E21C0 /* YaleGrill */ = {
			isa = PBXNativeTarget;
			buildConfigurationList = CD9E14F21E130C7E000E21C0 /* Build configuration list for PBXNativeTarget "YaleGrill" */;
			buildPhases = (
				662024C544074BF86D9A1A9D /* [CP] Check Pods Manifest.lock */,
				CD9E14DC1E130C7E000E21C0 /* Sources */,
				CD9E14DD1E130C7E000E21C0 /* Frameworks */,
				CD9E14DE1E130C7E000E21C0 /* Resources */,
				BC1D219E1867C479F400B70D /* [CP] Embed Pods Frameworks */,
				1EF745D5A4FE504184A22B8E /* [CP] Copy Pods Resources */,
			);
			buildRules = (
			);
			dependencies = (
			);
			name = YaleGrill;
			productName = YaleGrill;
			productReference = CD9E14E01E130C7E000E21C0 /* YaleGrill.app */;
			productType = "com.apple.product-type.application";
		};
/* End PBXNativeTarget section */

/* Begin PBXProject section */
		CD9E14D81E130C7E000E21C0 /* Project object */ = {
			isa = PBXProject;
			attributes = {
				LastSwiftUpdateCheck = 0820;
				LastUpgradeCheck = 0820;
				ORGANIZATIONNAME = "Phil Vasseur";
				TargetAttributes = {
					CD9E14DF1E130C7E000E21C0 = {
						CreatedOnToolsVersion = 8.2.1;
						LastSwiftMigration = 0820;
						ProvisioningStyle = Automatic;
					};
				};
			};
			buildConfigurationList = CD9E14DB1E130C7E000E21C0 /* Build configuration list for PBXProject "YaleGrill" */;
			compatibilityVersion = "Xcode 3.2";
			developmentRegion = English;
			hasScannedForEncodings = 0;
			knownRegions = (
				en,
				Base,
			);
			mainGroup = CD9E14D71E130C7E000E21C0;
			productRefGroup = CD9E14E11E130C7E000E21C0 /* Products */;
			projectDirPath = "";
			projectRoot = "";
			targets = (
				CD9E14DF1E130C7E000E21C0 /* YaleGrill */,
			);
		};
/* End PBXProject section */

/* Begin PBXResourcesBuildPhase section */
		CD9E14DE1E130C7E000E21C0 /* Resources */ = {
			isa = PBXResourcesBuildPhase;
			buildActionMask = 2147483647;
			files = (
				CD9E14EE1E130C7E000E21C0 /* LaunchScreen.storyboard in Resources */,
				CDD92A2A1E130CE7005C091B /* GoogleService-Info.plist in Resources */,
				CD9E14EB1E130C7E000E21C0 /* Assets.xcassets in Resources */,
				CD9E14E91E130C7E000E21C0 /* Main.storyboard in Resources */,
			);
			runOnlyForDeploymentPostprocessing = 0;
		};
/* End PBXResourcesBuildPhase section */

/* Begin PBXShellScriptBuildPhase section */
		1EF745D5A4FE504184A22B8E /* [CP] Copy Pods Resources */ = {
			isa = PBXShellScriptBuildPhase;
			buildActionMask = 2147483647;
			files = (
			);
			inputPaths = (
			);
			name = "[CP] Copy Pods Resources";
			outputPaths = (
			);
			runOnlyForDeploymentPostprocessing = 0;
			shellPath = /bin/sh;
			shellScript = "\"${SRCROOT}/Pods/Target Support Files/Pods-YaleGrill/Pods-YaleGrill-resources.sh\"\n";
			showEnvVarsInLog = 0;
		};
		662024C544074BF86D9A1A9D /* [CP] Check Pods Manifest.lock */ = {
			isa = PBXShellScriptBuildPhase;
			buildActionMask = 2147483647;
			files = (
			);
			inputPaths = (
			);
			name = "[CP] Check Pods Manifest.lock";
			outputPaths = (
			);
			runOnlyForDeploymentPostprocessing = 0;
			shellPath = /bin/sh;
			shellScript = "diff \"${PODS_ROOT}/../Podfile.lock\" \"${PODS_ROOT}/Manifest.lock\" > /dev/null\nif [ $? != 0 ] ; then\n    # print error to STDERR\n    echo \"error: The sandbox is not in sync with the Podfile.lock. Run 'pod install' or update your CocoaPods installation.\" >&2\n    exit 1\nfi\n";
			showEnvVarsInLog = 0;
		};
		BC1D219E1867C479F400B70D /* [CP] Embed Pods Frameworks */ = {
			isa = PBXShellScriptBuildPhase;
			buildActionMask = 2147483647;
			files = (
			);
			inputPaths = (
			);
			name = "[CP] Embed Pods Frameworks";
			outputPaths = (
			);
			runOnlyForDeploymentPostprocessing = 0;
			shellPath = /bin/sh;
			shellScript = "\"${SRCROOT}/Pods/Target Support Files/Pods-YaleGrill/Pods-YaleGrill-frameworks.sh\"\n";
			showEnvVarsInLog = 0;
		};
/* End PBXShellScriptBuildPhase section */

/* Begin PBXSourcesBuildPhase section */
		CD9E14DC1E130C7E000E21C0 /* Sources */ = {
			isa = PBXSourcesBuildPhase;
			buildActionMask = 2147483647;
			files = (
				CD9E14E61E130C7E000E21C0 /* ViewController.swift in Sources */,
				CD9E14E41E130C7E000E21C0 /* AppDelegate.swift in Sources */,
				CD4948521E15886500F61FCE /* SingleOrder.swift in Sources */,
				CDCFD5931E1329B100065E87 /* OrderScreen.swift in Sources */,
				CDCFD5951E1359AE00065E87 /* FoodScreen.swift in Sources */,
			);
			runOnlyForDeploymentPostprocessing = 0;
		};
/* End PBXSourcesBuildPhase section */

/* Begin PBXVariantGroup section */
		CD9E14E71E130C7E000E21C0 /* Main.storyboard */ = {
			isa = PBXVariantGroup;
			children = (
				CD9E14E81E130C7E000E21C0 /* Base */,
			);
			name = Main.storyboard;
			sourceTree = "<group>";
		};
		CD9E14EC1E130C7E000E21C0 /* LaunchScreen.storyboard */ = {
			isa = PBXVariantGroup;
			children = (
				CD9E14ED1E130C7E000E21C0 /* Base */,
			);
			name = LaunchScreen.storyboard;
			sourceTree = "<group>";
		};
/* End PBXVariantGroup section */

/* Begin XCBuildConfiguration section */
		CD9E14F01E130C7E000E21C0 /* Debug */ = {
			isa = XCBuildConfiguration;
			buildSettings = {
				ALWAYS_SEARCH_USER_PATHS = NO;
				CLANG_ANALYZER_NONNULL = YES;
				CLANG_CXX_LANGUAGE_STANDARD = "gnu++0x";
				CLANG_CXX_LIBRARY = "libc++";
				CLANG_ENABLE_MODULES = YES;
				CLANG_ENABLE_OBJC_ARC = YES;
				CLANG_WARN_BOOL_CONVERSION = YES;
				CLANG_WARN_CONSTANT_CONVERSION = YES;
				CLANG_WARN_DIRECT_OBJC_ISA_USAGE = YES_ERROR;
				CLANG_WARN_DOCUMENTATION_COMMENTS = YES;
				CLANG_WARN_EMPTY_BODY = YES;
				CLANG_WARN_ENUM_CONVERSION = YES;
				CLANG_WARN_INFINITE_RECURSION = YES;
				CLANG_WARN_INT_CONVERSION = YES;
				CLANG_WARN_OBJC_ROOT_CLASS = YES_ERROR;
				CLANG_WARN_SUSPICIOUS_MOVE = YES;
				CLANG_WARN_UNREACHABLE_CODE = YES;
				CLANG_WARN__DUPLICATE_METHOD_MATCH = YES;
				"CODE_SIGN_IDENTITY[sdk=iphoneos*]" = "iPhone Developer";
				COPY_PHASE_STRIP = NO;
				DEBUG_INFORMATION_FORMAT = dwarf;
				ENABLE_STRICT_OBJC_MSGSEND = YES;
				ENABLE_TESTABILITY = YES;
				GCC_C_LANGUAGE_STANDARD = gnu99;
				GCC_DYNAMIC_NO_PIC = NO;
				GCC_NO_COMMON_BLOCKS = YES;
				GCC_OPTIMIZATION_LEVEL = 0;
				GCC_PREPROCESSOR_DEFINITIONS = (
					"DEBUG=1",
					"$(inherited)",
				);
				GCC_WARN_64_TO_32_BIT_CONVERSION = YES;
				GCC_WARN_ABOUT_RETURN_TYPE = YES_ERROR;
				GCC_WARN_UNDECLARED_SELECTOR = YES;
				GCC_WARN_UNINITIALIZED_AUTOS = YES_AGGRESSIVE;
				GCC_WARN_UNUSED_FUNCTION = YES;
				GCC_WARN_UNUSED_VARIABLE = YES;
				IPHONEOS_DEPLOYMENT_TARGET = 10.2;
				MTL_ENABLE_DEBUG_INFO = YES;
				ONLY_ACTIVE_ARCH = YES;
				SDKROOT = iphoneos;
				SWIFT_ACTIVE_COMPILATION_CONDITIONS = DEBUG;
				SWIFT_OPTIMIZATION_LEVEL = "-Onone";
			};
			name = Debug;
		};
		CD9E14F11E130C7E000E21C0 /* Release */ = {
			isa = XCBuildConfiguration;
			buildSettings = {
				ALWAYS_SEARCH_USER_PATHS = NO;
				CLANG_ANALYZER_NONNULL = YES;
				CLANG_CXX_LANGUAGE_STANDARD = "gnu++0x";
				CLANG_CXX_LIBRARY = "libc++";
				CLANG_ENABLE_MODULES = YES;
				CLANG_ENABLE_OBJC_ARC = YES;
				CLANG_WARN_BOOL_CONVERSION = YES;
				CLANG_WARN_CONSTANT_CONVERSION = YES;
				CLANG_WARN_DIRECT_OBJC_ISA_USAGE = YES_ERROR;
				CLANG_WARN_DOCUMENTATION_COMMENTS = YES;
				CLANG_WARN_EMPTY_BODY = YES;
				CLANG_WARN_ENUM_CONVERSION = YES;
				CLANG_WARN_INFINITE_RECURSION = YES;
				CLANG_WARN_INT_CONVERSION = YES;
				CLANG_WARN_OBJC_ROOT_CLASS = YES_ERROR;
				CLANG_WARN_SUSPICIOUS_MOVE = YES;
				CLANG_WARN_UNREACHABLE_CODE = YES;
				CLANG_WARN__DUPLICATE_METHOD_MATCH = YES;
				"CODE_SIGN_IDENTITY[sdk=iphoneos*]" = "iPhone Developer";
				COPY_PHASE_STRIP = NO;
				DEBUG_INFORMATION_FORMAT = "dwarf-with-dsym";
				ENABLE_NS_ASSERTIONS = NO;
				ENABLE_STRICT_OBJC_MSGSEND = YES;
				GCC_C_LANGUAGE_STANDARD = gnu99;
				GCC_NO_COMMON_BLOCKS = YES;
				GCC_WARN_64_TO_32_BIT_CONVERSION = YES;
				GCC_WARN_ABOUT_RETURN_TYPE = YES_ERROR;
				GCC_WARN_UNDECLARED_SELECTOR = YES;
				GCC_WARN_UNINITIALIZED_AUTOS = YES_AGGRESSIVE;
				GCC_WARN_UNUSED_FUNCTION = YES;
				GCC_WARN_UNUSED_VARIABLE = YES;
				IPHONEOS_DEPLOYMENT_TARGET = 10.2;
				MTL_ENABLE_DEBUG_INFO = NO;
				SDKROOT = iphoneos;
				SWIFT_OPTIMIZATION_LEVEL = "-Owholemodule";
				VALIDATE_PRODUCT = YES;
			};
			name = Release;
		};
		CD9E14F31E130C7E000E21C0 /* Debug */ = {
			isa = XCBuildConfiguration;
			baseConfigurationReference = 9A753CD321527598C2A4A49A /* Pods-YaleGrill.debug.xcconfig */;
			buildSettings = {
				ASSETCATALOG_COMPILER_APPICON_NAME = AppIcon;
				CLANG_ENABLE_MODULES = YES;
				INFOPLIST_FILE = YaleGrill/Info.plist;
				LD_RUNPATH_SEARCH_PATHS = "$(inherited) @executable_path/Frameworks";
				PRODUCT_BUNDLE_IDENTIFIER = com.philvasseur.YaleGrill;
				PRODUCT_NAME = "$(TARGET_NAME)";
				SWIFT_OBJC_BRIDGING_HEADER = "YaleGrill/YaleGrill-Bridging-Header.h";
				SWIFT_OPTIMIZATION_LEVEL = "-Onone";
				SWIFT_VERSION = 3.0;
			};
			name = Debug;
		};
		CD9E14F41E130C7E000E21C0 /* Release */ = {
			isa = XCBuildConfiguration;
			baseConfigurationReference = D3F3C9E4986110BD99DE40C8 /* Pods-YaleGrill.release.xcconfig */;
			buildSettings = {
				ASSETCATALOG_COMPILER_APPICON_NAME = AppIcon;
				CLANG_ENABLE_MODULES = YES;
				INFOPLIST_FILE = YaleGrill/Info.plist;
				LD_RUNPATH_SEARCH_PATHS = "$(inherited) @executable_path/Frameworks";
				PRODUCT_BUNDLE_IDENTIFIER = com.philvasseur.YaleGrill;
				PRODUCT_NAME = "$(TARGET_NAME)";
				SWIFT_OBJC_BRIDGING_HEADER = "YaleGrill/YaleGrill-Bridging-Header.h";
				SWIFT_VERSION = 3.0;
			};
			name = Release;
		};
/* End XCBuildConfiguration section */

/* Begin XCConfigurationList section */
		CD9E14DB1E130C7E000E21C0 /* Build configuration list for PBXProject "YaleGrill" */ = {
			isa = XCConfigurationList;
			buildConfigurations = (
				CD9E14F01E130C7E000E21C0 /* Debug */,
				CD9E14F11E130C7E000E21C0 /* Release */,
			);
			defaultConfigurationIsVisible = 0;
			defaultConfigurationName = Release;
		};
		CD9E14F21E130C7E000E21C0 /* Build configuration list for PBXNativeTarget "YaleGrill" */ = {
			isa = XCConfigurationList;
			buildConfigurations = (
				CD9E14F31E130C7E000E21C0 /* Debug */,
				CD9E14F41E130C7E000E21C0 /* Release */,
			);
			defaultConfigurationIsVisible = 0;
			defaultConfigurationName = Release;
		};
/* End XCConfigurationList section */
	};
	rootObject = CD9E14D81E130C7E000E21C0 /* Project object */;
}
